
Microsoft Visual Studio Solution File, Format Version 12.00
# Visual Studio 15
VisualStudioVersion = 15.0.28307.1831
MinimumVisualStudioVersion = 10.0.40219.1
Project("{FAE04EC0-301F-11D3-BF4B-00C04F79EFBC}") = "NewInvoice", "NewInvoice\NewInvoice.csproj", "{9C49A102-7695-4F90-AE80-6C9056808DF2}"
EndProject
Global
	GlobalSection(SolutionConfigurationPlatforms) = preSolution
		Debug|Any CPU = Debug|Any CPU
		Release|Any CPU = Release|Any CPU
	EndGlobalSection
	GlobalSection(ProjectConfigurationPlatforms) = postSolution
		{9C49A102-7695-4F90-AE80-6C9056808DF2}.Debug|Any CPU.ActiveCfg = Debug|Any CPU
		{9C49A102-7695-4F90-AE80-6C9056808DF2}.Debug|Any CPU.Build.0 = Debug|Any CPU
		{9C49A102-7695-4F90-AE80-6C9056808DF2}.Release|Any CPU.ActiveCfg = Release|Any CPU
		{9C49A102-7695-4F90-AE80-6C9056808DF2}.Release|Any CPU.Build.0 = Release|Any CPU
	EndGlobalSection
	GlobalSection(SolutionProperties) = preSolution
		HideSolutionNode = FALSE
	EndGlobalSection
	GlobalSection(ExtensibilityGlobals) = postSolution
		SolutionGuid = {D67604BE-27A1-4D96-8CA4-B275A68772A4}
	EndGlobalSection
EndGlobal
